
Microsoft Visual Studio Solution File, Format Version 12.00
# Visual Studio Version 17
VisualStudioVersion = 17.11.35327.3
MinimumVisualStudioVersion = 10.0.40219.1
Project("{9A19103F-16F7-4668-BE54-9A1E7A4F7556}") = "Day01", "Day01\Day01.csproj", "{278199D7-EA54-49E3-BBDB-16E2C5669635}"
EndProject
Project("{FAE04EC0-301F-11D3-BF4B-00C04F79EFBC}") = "Day02", "Day02\Day02.csproj", "{0C9C099C-B49D-4B3A-AFED-2A9AE339BADD}"
EndProject
Global
	GlobalSection(SolutionConfigurationPlatforms) = preSolution
		Debug|Any CPU = Debug|Any CPU
		Release|Any CPU = Release|Any CPU
	EndGlobalSection
	GlobalSection(ProjectConfigurationPlatforms) = postSolution
		{278199D7-EA54-49E3-BBDB-16E2C5669635}.Debug|Any CPU.ActiveCfg = Debug|Any CPU
		{278199D7-EA54-49E3-BBDB-16E2C5669635}.Debug|Any CPU.Build.0 = Debug|Any CPU
		{278199D7-EA54-49E3-BBDB-16E2C5669635}.Release|Any CPU.ActiveCfg = Release|Any CPU
		{278199D7-EA54-49E3-BBDB-16E2C5669635}.Release|Any CPU.Build.0 = Release|Any CPU
		{0C9C099C-B49D-4B3A-AFED-2A9AE339BADD}.Debug|Any CPU.ActiveCfg = Debug|Any CPU
		{0C9C099C-B49D-4B3A-AFED-2A9AE339BADD}.Debug|Any CPU.Build.0 = Debug|Any CPU
		{0C9C099C-B49D-4B3A-AFED-2A9AE339BADD}.Release|Any CPU.ActiveCfg = Release|Any CPU
		{0C9C099C-B49D-4B3A-AFED-2A9AE339BADD}.Release|Any CPU.Build.0 = Release|Any CPU
	EndGlobalSection
	GlobalSection(SolutionProperties) = preSolution
		HideSolutionNode = FALSE
	EndGlobalSection
	GlobalSection(ExtensibilityGlobals) = postSolution
		SolutionGuid = {AA62FF45-A11B-4308-98DE-4F41C89BA74F}
	EndGlobalSection
EndGlobal
