
Microsoft Visual Studio Solution File, Format Version 12.00
# Visual Studio Version 17
VisualStudioVersion = 17.11.35327.3
MinimumVisualStudioVersion = 10.0.40219.1
Project("{9A19103F-16F7-4668-BE54-9A1E7A4F7556}") = "Day01", "Day01\Day01.csproj", "{278199D7-EA54-49E3-BBDB-16E2C5669635}"
EndProject
Project("{9A19103F-16F7-4668-BE54-9A1E7A4F7556}") = "Day02", "Day02\Day02.csproj", "{0C9C099C-B49D-4B3A-AFED-2A9AE339BADD}"
EndProject
Project("{9A19103F-16F7-4668-BE54-9A1E7A4F7556}") = "Day03", "Day03\Day03.csproj", "{68E18988-52DA-403E-9B3C-6E2868A1C2F5}"
EndProject
Project("{9A19103F-16F7-4668-BE54-9A1E7A4F7556}") = "Day04", "Day04\Day04.csproj", "{EE45C9D1-F5AA-4EA3-909D-03FD6FEAFABE}"
EndProject
Project("{9A19103F-16F7-4668-BE54-9A1E7A4F7556}") = "Day05", "Day05\Day05.csproj", "{A7FCA9FF-2AD2-406A-BA71-E134A35C8236}"
EndProject
Project("{9A19103F-16F7-4668-BE54-9A1E7A4F7556}") = "Day06", "Day06\Day06.csproj", "{BE2E129A-CA6C-4C1A-9DB5-1E8E84EF5846}"
EndProject
Project("{9A19103F-16F7-4668-BE54-9A1E7A4F7556}") = "Day07", "Day07\Day07.csproj", "{852FABBA-14C7-44BD-87AA-E2E1E5F34D3A}"
EndProject
Project("{9A19103F-16F7-4668-BE54-9A1E7A4F7556}") = "Day08", "Day08\Day08.csproj", "{139CB35A-2CF3-4C67-BA39-75866C7A22B3}"
EndProject
Project("{9A19103F-16F7-4668-BE54-9A1E7A4F7556}") = "Day09", "Day09\Day09.csproj", "{6C85B32B-78D6-4487-824E-C9408BE15F70}"
EndProject
Project("{9A19103F-16F7-4668-BE54-9A1E7A4F7556}") = "Day10", "Day10\Day10.csproj", "{39256BDE-4B5D-4B62-9605-171107755340}"
EndProject
Project("{9A19103F-16F7-4668-BE54-9A1E7A4F7556}") = "Day11", "Day11\Day11.csproj", "{F09CF7D3-EBB2-4939-8833-7D41A60F5A2C}"
EndProject
Project("{9A19103F-16F7-4668-BE54-9A1E7A4F7556}") = "Day12", "Day12\Day12.csproj", "{D66CAF83-FC1C-407C-A032-2E1F81BABE81}"
EndProject
Project("{FAE04EC0-301F-11D3-BF4B-00C04F79EFBC}") = "Day13", "Day13\Day13.csproj", "{B68AFDB7-902D-44CD-A26F-2FD6DA65D343}"
EndProject
Project("{FAE04EC0-301F-11D3-BF4B-00C04F79EFBC}") = "Day14", "Day14\Day14.csproj", "{58F321B0-2A19-48B5-B7D0-A0294BC14090}"
EndProject
Project("{FAE04EC0-301F-11D3-BF4B-00C04F79EFBC}") = "Day15", "Day15\Day15.csproj", "{D097DF7D-833B-473D-95B7-5FA04678DCD7}"
EndProject
Project("{FAE04EC0-301F-11D3-BF4B-00C04F79EFBC}") = "Day16", "Day16\Day16.csproj", "{22117AEA-09AC-424F-A5A2-FCEE28AF34AD}"
EndProject
Project("{FAE04EC0-301F-11D3-BF4B-00C04F79EFBC}") = "Day17", "Day17\Day17.csproj", "{CBA6C745-2AAA-4D70-8767-4E913CC9858C}"
EndProject
Project("{FAE04EC0-301F-11D3-BF4B-00C04F79EFBC}") = "Day18", "Day18\Day18.csproj", "{06DF2772-070A-4428-8999-C835235C963C}"
EndProject
Project("{FAE04EC0-301F-11D3-BF4B-00C04F79EFBC}") = "Day19", "Day19\Day19.csproj", "{50FD595B-BE64-40C8-B341-F8133607FE67}"
EndProject
Global
	GlobalSection(SolutionConfigurationPlatforms) = preSolution
		Debug|Any CPU = Debug|Any CPU
		Release|Any CPU = Release|Any CPU
	EndGlobalSection
	GlobalSection(ProjectConfigurationPlatforms) = postSolution
		{278199D7-EA54-49E3-BBDB-16E2C5669635}.Debug|Any CPU.ActiveCfg = Debug|Any CPU
		{278199D7-EA54-49E3-BBDB-16E2C5669635}.Debug|Any CPU.Build.0 = Debug|Any CPU
		{278199D7-EA54-49E3-BBDB-16E2C5669635}.Release|Any CPU.ActiveCfg = Release|Any CPU
		{278199D7-EA54-49E3-BBDB-16E2C5669635}.Release|Any CPU.Build.0 = Release|Any CPU
		{0C9C099C-B49D-4B3A-AFED-2A9AE339BADD}.Debug|Any CPU.ActiveCfg = Debug|Any CPU
		{0C9C099C-B49D-4B3A-AFED-2A9AE339BADD}.Debug|Any CPU.Build.0 = Debug|Any CPU
		{0C9C099C-B49D-4B3A-AFED-2A9AE339BADD}.Release|Any CPU.ActiveCfg = Release|Any CPU
		{0C9C099C-B49D-4B3A-AFED-2A9AE339BADD}.Release|Any CPU.Build.0 = Release|Any CPU
		{68E18988-52DA-403E-9B3C-6E2868A1C2F5}.Debug|Any CPU.ActiveCfg = Debug|Any CPU
		{68E18988-52DA-403E-9B3C-6E2868A1C2F5}.Debug|Any CPU.Build.0 = Debug|Any CPU
		{68E18988-52DA-403E-9B3C-6E2868A1C2F5}.Release|Any CPU.ActiveCfg = Release|Any CPU
		{68E18988-52DA-403E-9B3C-6E2868A1C2F5}.Release|Any CPU.Build.0 = Release|Any CPU
		{EE45C9D1-F5AA-4EA3-909D-03FD6FEAFABE}.Debug|Any CPU.ActiveCfg = Debug|Any CPU
		{EE45C9D1-F5AA-4EA3-909D-03FD6FEAFABE}.Debug|Any CPU.Build.0 = Debug|Any CPU
		{EE45C9D1-F5AA-4EA3-909D-03FD6FEAFABE}.Release|Any CPU.ActiveCfg = Release|Any CPU
		{EE45C9D1-F5AA-4EA3-909D-03FD6FEAFABE}.Release|Any CPU.Build.0 = Release|Any CPU
		{A7FCA9FF-2AD2-406A-BA71-E134A35C8236}.Debug|Any CPU.ActiveCfg = Debug|Any CPU
		{A7FCA9FF-2AD2-406A-BA71-E134A35C8236}.Debug|Any CPU.Build.0 = Debug|Any CPU
		{A7FCA9FF-2AD2-406A-BA71-E134A35C8236}.Release|Any CPU.ActiveCfg = Release|Any CPU
		{A7FCA9FF-2AD2-406A-BA71-E134A35C8236}.Release|Any CPU.Build.0 = Release|Any CPU
		{BE2E129A-CA6C-4C1A-9DB5-1E8E84EF5846}.Debug|Any CPU.ActiveCfg = Debug|Any CPU
		{BE2E129A-CA6C-4C1A-9DB5-1E8E84EF5846}.Debug|Any CPU.Build.0 = Debug|Any CPU
		{BE2E129A-CA6C-4C1A-9DB5-1E8E84EF5846}.Release|Any CPU.ActiveCfg = Release|Any CPU
		{BE2E129A-CA6C-4C1A-9DB5-1E8E84EF5846}.Release|Any CPU.Build.0 = Release|Any CPU
		{852FABBA-14C7-44BD-87AA-E2E1E5F34D3A}.Debug|Any CPU.ActiveCfg = Debug|Any CPU
		{852FABBA-14C7-44BD-87AA-E2E1E5F34D3A}.Debug|Any CPU.Build.0 = Debug|Any CPU
		{852FABBA-14C7-44BD-87AA-E2E1E5F34D3A}.Release|Any CPU.ActiveCfg = Release|Any CPU
		{852FABBA-14C7-44BD-87AA-E2E1E5F34D3A}.Release|Any CPU.Build.0 = Release|Any CPU
		{139CB35A-2CF3-4C67-BA39-75866C7A22B3}.Debug|Any CPU.ActiveCfg = Debug|Any CPU
		{139CB35A-2CF3-4C67-BA39-75866C7A22B3}.Debug|Any CPU.Build.0 = Debug|Any CPU
		{139CB35A-2CF3-4C67-BA39-75866C7A22B3}.Release|Any CPU.ActiveCfg = Release|Any CPU
		{139CB35A-2CF3-4C67-BA39-75866C7A22B3}.Release|Any CPU.Build.0 = Release|Any CPU
		{6C85B32B-78D6-4487-824E-C9408BE15F70}.Debug|Any CPU.ActiveCfg = Debug|Any CPU
		{6C85B32B-78D6-4487-824E-C9408BE15F70}.Debug|Any CPU.Build.0 = Debug|Any CPU
		{6C85B32B-78D6-4487-824E-C9408BE15F70}.Release|Any CPU.ActiveCfg = Release|Any CPU
		{6C85B32B-78D6-4487-824E-C9408BE15F70}.Release|Any CPU.Build.0 = Release|Any CPU
		{39256BDE-4B5D-4B62-9605-171107755340}.Debug|Any CPU.ActiveCfg = Debug|Any CPU
		{39256BDE-4B5D-4B62-9605-171107755340}.Debug|Any CPU.Build.0 = Debug|Any CPU
		{39256BDE-4B5D-4B62-9605-171107755340}.Release|Any CPU.ActiveCfg = Release|Any CPU
		{39256BDE-4B5D-4B62-9605-171107755340}.Release|Any CPU.Build.0 = Release|Any CPU
		{F09CF7D3-EBB2-4939-8833-7D41A60F5A2C}.Debug|Any CPU.ActiveCfg = Debug|Any CPU
		{F09CF7D3-EBB2-4939-8833-7D41A60F5A2C}.Debug|Any CPU.Build.0 = Debug|Any CPU
		{F09CF7D3-EBB2-4939-8833-7D41A60F5A2C}.Release|Any CPU.ActiveCfg = Release|Any CPU
		{F09CF7D3-EBB2-4939-8833-7D41A60F5A2C}.Release|Any CPU.Build.0 = Release|Any CPU
		{D66CAF83-FC1C-407C-A032-2E1F81BABE81}.Debug|Any CPU.ActiveCfg = Debug|Any CPU
		{D66CAF83-FC1C-407C-A032-2E1F81BABE81}.Debug|Any CPU.Build.0 = Debug|Any CPU
		{D66CAF83-FC1C-407C-A032-2E1F81BABE81}.Release|Any CPU.ActiveCfg = Release|Any CPU
		{D66CAF83-FC1C-407C-A032-2E1F81BABE81}.Release|Any CPU.Build.0 = Release|Any CPU
		{B68AFDB7-902D-44CD-A26F-2FD6DA65D343}.Debug|Any CPU.ActiveCfg = Debug|Any CPU
		{B68AFDB7-902D-44CD-A26F-2FD6DA65D343}.Debug|Any CPU.Build.0 = Debug|Any CPU
		{B68AFDB7-902D-44CD-A26F-2FD6DA65D343}.Release|Any CPU.ActiveCfg = Release|Any CPU
		{B68AFDB7-902D-44CD-A26F-2FD6DA65D343}.Release|Any CPU.Build.0 = Release|Any CPU
		{58F321B0-2A19-48B5-B7D0-A0294BC14090}.Debug|Any CPU.ActiveCfg = Debug|Any CPU
		{58F321B0-2A19-48B5-B7D0-A0294BC14090}.Debug|Any CPU.Build.0 = Debug|Any CPU
		{58F321B0-2A19-48B5-B7D0-A0294BC14090}.Release|Any CPU.ActiveCfg = Release|Any CPU
		{58F321B0-2A19-48B5-B7D0-A0294BC14090}.Release|Any CPU.Build.0 = Release|Any CPU
		{D097DF7D-833B-473D-95B7-5FA04678DCD7}.Debug|Any CPU.ActiveCfg = Debug|Any CPU
		{D097DF7D-833B-473D-95B7-5FA04678DCD7}.Debug|Any CPU.Build.0 = Debug|Any CPU
		{D097DF7D-833B-473D-95B7-5FA04678DCD7}.Release|Any CPU.ActiveCfg = Release|Any CPU
		{D097DF7D-833B-473D-95B7-5FA04678DCD7}.Release|Any CPU.Build.0 = Release|Any CPU
		{22117AEA-09AC-424F-A5A2-FCEE28AF34AD}.Debug|Any CPU.ActiveCfg = Debug|Any CPU
		{22117AEA-09AC-424F-A5A2-FCEE28AF34AD}.Debug|Any CPU.Build.0 = Debug|Any CPU
		{22117AEA-09AC-424F-A5A2-FCEE28AF34AD}.Release|Any CPU.ActiveCfg = Release|Any CPU
		{22117AEA-09AC-424F-A5A2-FCEE28AF34AD}.Release|Any CPU.Build.0 = Release|Any CPU
		{CBA6C745-2AAA-4D70-8767-4E913CC9858C}.Debug|Any CPU.ActiveCfg = Debug|Any CPU
		{CBA6C745-2AAA-4D70-8767-4E913CC9858C}.Debug|Any CPU.Build.0 = Debug|Any CPU
		{CBA6C745-2AAA-4D70-8767-4E913CC9858C}.Release|Any CPU.ActiveCfg = Release|Any CPU
		{CBA6C745-2AAA-4D70-8767-4E913CC9858C}.Release|Any CPU.Build.0 = Release|Any CPU
		{06DF2772-070A-4428-8999-C835235C963C}.Debug|Any CPU.ActiveCfg = Debug|Any CPU
		{06DF2772-070A-4428-8999-C835235C963C}.Debug|Any CPU.Build.0 = Debug|Any CPU
		{06DF2772-070A-4428-8999-C835235C963C}.Release|Any CPU.ActiveCfg = Release|Any CPU
		{06DF2772-070A-4428-8999-C835235C963C}.Release|Any CPU.Build.0 = Release|Any CPU
		{50FD595B-BE64-40C8-B341-F8133607FE67}.Debug|Any CPU.ActiveCfg = Debug|Any CPU
		{50FD595B-BE64-40C8-B341-F8133607FE67}.Debug|Any CPU.Build.0 = Debug|Any CPU
		{50FD595B-BE64-40C8-B341-F8133607FE67}.Release|Any CPU.ActiveCfg = Release|Any CPU
		{50FD595B-BE64-40C8-B341-F8133607FE67}.Release|Any CPU.Build.0 = Release|Any CPU
	EndGlobalSection
	GlobalSection(SolutionProperties) = preSolution
		HideSolutionNode = FALSE
	EndGlobalSection
	GlobalSection(ExtensibilityGlobals) = postSolution
		SolutionGuid = {AA62FF45-A11B-4308-98DE-4F41C89BA74F}
	EndGlobalSection
EndGlobal
